
Microsoft Visual Studio Solution File, Format Version 12.00
# Visual Studio Version 16
VisualStudioVersion = 16.0.31321.278
MinimumVisualStudioVersion = 10.0.40219.1
Project("{FAE04EC0-301F-11D3-BF4B-00C04F79EFBC}") = "ArnabDeveloper.HtmlContent.WpfApp", "ArnabDeveloper.HtmlContent.WpfApp\ArnabDeveloper.HtmlContent.WpfApp.csproj", "{C96BB60F-032D-4CE0-BAE6-6D9C4649FF24}"
EndProject
Global
	GlobalSection(SolutionConfigurationPlatforms) = preSolution
		Debug|Any CPU = Debug|Any CPU
		Release|Any CPU = Release|Any CPU
	EndGlobalSection
	GlobalSection(ProjectConfigurationPlatforms) = postSolution
		{C96BB60F-032D-4CE0-BAE6-6D9C4649FF24}.Debug|Any CPU.ActiveCfg = Debug|Any CPU
		{C96BB60F-032D-4CE0-BAE6-6D9C4649FF24}.Debug|Any CPU.Build.0 = Debug|Any CPU
		{C96BB60F-032D-4CE0-BAE6-6D9C4649FF24}.Release|Any CPU.ActiveCfg = Release|Any CPU
		{C96BB60F-032D-4CE0-BAE6-6D9C4649FF24}.Release|Any CPU.Build.0 = Release|Any CPU
	EndGlobalSection
	GlobalSection(SolutionProperties) = preSolution
		HideSolutionNode = FALSE
	EndGlobalSection
	GlobalSection(ExtensibilityGlobals) = postSolution
		SolutionGuid = {AC2444AB-D5C4-4906-8D09-0C379D0AFD2D}
	EndGlobalSection
EndGlobal
